// !$*UTF8*$!
{
	archiveVersion = 1;
	classes = {
	};
	objectVersion = 46;
	objects = {

/* Begin PBXBuildFile section */
		2B2FD6AB1A8B66B200104BD6 /* LoginViewController.swift in Sources */ = {isa = PBXBuildFile; fileRef = 2B2FD6AA1A8B66B000104BD6 /* LoginViewController.swift */; };
		2B2FD6AD1A903E3900104BD6 /* songfest_onstage_blur.png in Resources */ = {isa = PBXBuildFile; fileRef = 2B2FD6AC1A903E3800104BD6 /* songfest_onstage_blur.png */; };
		2B32F49E1A94BE7E001F69AB /* ScriptSelectViewController.swift in Sources */ = {isa = PBXBuildFile; fileRef = 2B32F49D1A94BE7E001F69AB /* ScriptSelectViewController.swift */; };
		2B3C3D2A1A9471EB00451C40 /* AVFoundation.framework in Frameworks */ = {isa = PBXBuildFile; fileRef = 2B3C3D291A9471EB00451C40 /* AVFoundation.framework */; };
		2B40CC8C1A87FF3400E24931 /* PushNotificationController.swift in Sources */ = {isa = PBXBuildFile; fileRef = 2B40CC8B1A87FF3400E24931 /* PushNotificationController.swift */; };
		2B40CC8E1A88A34A00E24931 /* switchViewObject.swift in Sources */ = {isa = PBXBuildFile; fileRef = 2B40CC8D1A88A34800E24931 /* switchViewObject.swift */; };
		2B40CC901A88AA5E00E24931 /* default_hottie.jpg in Resources */ = {isa = PBXBuildFile; fileRef = 2B40CC8F1A88AA5E00E24931 /* default_hottie.jpg */; };
		2B40CC921A88BA1A00E24931 /* lyricsCell.swift in Sources */ = {isa = PBXBuildFile; fileRef = 2B40CC911A88BA1900E24931 /* lyricsCell.swift */; };
		2B442CF01A86B07D0053D2CF /* tonightObject.swift in Sources */ = {isa = PBXBuildFile; fileRef = 2B442CEF1A86B07D0053D2CF /* tonightObject.swift */; };
		2B67D1FC1A92EC12005169BE /* Images-2.xcassets in Resources */ = {isa = PBXBuildFile; fileRef = 2B67D1FB1A92EC12005169BE /* Images-2.xcassets */; };
		2BAE6FB71A7F773500252F9E /* Parse.framework in Frameworks */ = {isa = PBXBuildFile; fileRef = 2BAE6FB61A7F773500252F9E /* Parse.framework */; };
		2BAE6FBA1A7F777900252F9E /* Bolts.framework in Frameworks */ = {isa = PBXBuildFile; fileRef = 2BAE6FB81A7F777900252F9E /* Bolts.framework */; };
		2BAE6FBB1A7F777900252F9E /* ParseUI.framework in Frameworks */ = {isa = PBXBuildFile; fileRef = 2BAE6FB91A7F777900252F9E /* ParseUI.framework */; };
		2BE7E0D91A79AFB1009E69D7 /* AppDelegate.swift in Sources */ = {isa = PBXBuildFile; fileRef = 2BE7E0D81A79AFB1009E69D7 /* AppDelegate.swift */; };
		2BE7E0DB1A79AFB1009E69D7 /* FirstViewController.swift in Sources */ = {isa = PBXBuildFile; fileRef = 2BE7E0DA1A79AFB1009E69D7 /* FirstViewController.swift */; };
		2BE7E0DD1A79AFB1009E69D7 /* SecondViewController.swift in Sources */ = {isa = PBXBuildFile; fileRef = 2BE7E0DC1A79AFB1009E69D7 /* SecondViewController.swift */; };
		2BE7E0E01A79AFB1009E69D7 /* Main.storyboard in Resources */ = {isa = PBXBuildFile; fileRef = 2BE7E0DE1A79AFB1009E69D7 /* Main.storyboard */; };
		2BE7E0E21A79AFB1009E69D7 /* Images.xcassets in Resources */ = {isa = PBXBuildFile; fileRef = 2BE7E0E11A79AFB1009E69D7 /* Images.xcassets */; };
		2BE7E0E51A79AFB1009E69D7 /* LaunchScreen.xib in Resources */ = {isa = PBXBuildFile; fileRef = 2BE7E0E31A79AFB1009E69D7 /* LaunchScreen.xib */; };
		2BE7E0F11A79AFB1009E69D7 /* etaThetaTauTests.swift in Sources */ = {isa = PBXBuildFile; fileRef = 2BE7E0F01A79AFB1009E69D7 /* etaThetaTauTests.swift */; };
		2BE7E1061A7B026B009E69D7 /* CFNetwork.framework in Frameworks */ = {isa = PBXBuildFile; fileRef = 2BE7E0FB1A7B026B009E69D7 /* CFNetwork.framework */; };
		2BE7E1071A7B026B009E69D7 /* CoreGraphics.framework in Frameworks */ = {isa = PBXBuildFile; fileRef = 2BE7E0FC1A7B026B009E69D7 /* CoreGraphics.framework */; };
		2BE7E1081A7B026B009E69D7 /* CoreLocation.framework in Frameworks */ = {isa = PBXBuildFile; fileRef = 2BE7E0FD1A7B026B009E69D7 /* CoreLocation.framework */; };
		2BE7E1091A7B026B009E69D7 /* libsqlite3.dylib in Frameworks */ = {isa = PBXBuildFile; fileRef = 2BE7E0FE1A7B026B009E69D7 /* libsqlite3.dylib */; };
		2BE7E10A1A7B026B009E69D7 /* libz.dylib in Frameworks */ = {isa = PBXBuildFile; fileRef = 2BE7E0FF1A7B026B009E69D7 /* libz.dylib */; };
		2BE7E10B1A7B026B009E69D7 /* MobileCoreServices.framework in Frameworks */ = {isa = PBXBuildFile; fileRef = 2BE7E1001A7B026B009E69D7 /* MobileCoreServices.framework */; };
		2BE7E10C1A7B026B009E69D7 /* QuartzCore.framework in Frameworks */ = {isa = PBXBuildFile; fileRef = 2BE7E1011A7B026B009E69D7 /* QuartzCore.framework */; };
		2BE7E10D1A7B026B009E69D7 /* Security.framework in Frameworks */ = {isa = PBXBuildFile; fileRef = 2BE7E1021A7B026B009E69D7 /* Security.framework */; };
		2BE7E10E1A7B026B009E69D7 /* StoreKit.framework in Frameworks */ = {isa = PBXBuildFile; fileRef = 2BE7E1031A7B026B009E69D7 /* StoreKit.framework */; };
		2BE7E10F1A7B026B009E69D7 /* SystemConfiguration.framework in Frameworks */ = {isa = PBXBuildFile; fileRef = 2BE7E1041A7B026B009E69D7 /* SystemConfiguration.framework */; };
		2BE7E1161A7B0487009E69D7 /* CustomClass.m in Sources */ = {isa = PBXBuildFile; fileRef = 2BE7E1151A7B0487009E69D7 /* CustomClass.m */; };
		2BE7E1181A7C5821009E69D7 /* hot_test.jpg in Resources */ = {isa = PBXBuildFile; fileRef = 2BE7E1171A7C5821009E69D7 /* hot_test.jpg */; };
		2BE7E11A1A7C5894009E69D7 /* geek_insta.jpg in Resources */ = {isa = PBXBuildFile; fileRef = 2BE7E1191A7C5894009E69D7 /* geek_insta.jpg */; };
		2BE7E11C1A7CF4E2009E69D7 /* ChoreographyViewController.swift in Sources */ = {isa = PBXBuildFile; fileRef = 2BE7E11B1A7CF4E2009E69D7 /* ChoreographyViewController.swift */; };
		2BE7E1201A7DB438009E69D7 /* SongDetailViewController.swift in Sources */ = {isa = PBXBuildFile; fileRef = 2BE7E11F1A7DB438009E69D7 /* SongDetailViewController.swift */; };
		2BE7E1221A7DBEDE009E69D7 /* SongObject.swift in Sources */ = {isa = PBXBuildFile; fileRef = 2BE7E1211A7DBEDE009E69D7 /* SongObject.swift */; };
		2BE7E1281A7E19F9009E69D7 /* SongCell.swift in Sources */ = {isa = PBXBuildFile; fileRef = 2BE7E1271A7E19F8009E69D7 /* SongCell.swift */; };
		2BE7E12A1A7E45A0009E69D7 /* SongsDetailViewController.swift in Sources */ = {isa = PBXBuildFile; fileRef = 2BE7E1291A7E45A0009E69D7 /* SongsDetailViewController.swift */; };
		2BE7E12C1A7E45D7009E69D7 /* LyricsViewController.swift in Sources */ = {isa = PBXBuildFile; fileRef = 2BE7E12B1A7E45D7009E69D7 /* LyricsViewController.swift */; };
		2BE7E12E1A7F0A20009E69D7 /* SongVideoCell.swift in Sources */ = {isa = PBXBuildFile; fileRef = 2BE7E12D1A7F0A20009E69D7 /* SongVideoCell.swift */; };
		2BE7E1301A7F1CE4009E69D7 /* VideosTableViewController.swift in Sources */ = {isa = PBXBuildFile; fileRef = 2BE7E12F1A7F1CE4009E69D7 /* VideosTableViewController.swift */; };
/* End PBXBuildFile section */

/* Begin PBXContainerItemProxy section */
		2BE7E0EB1A79AFB1009E69D7 /* PBXContainerItemProxy */ = {
			isa = PBXContainerItemProxy;
			containerPortal = 2BE7E0CB1A79AFAB009E69D7 /* Project object */;
			proxyType = 1;
			remoteGlobalIDString = 2BE7E0D21A79AFAD009E69D7;
			remoteInfo = etaThetaTau;
		};
/* End PBXContainerItemProxy section */

/* Begin PBXFileReference section */
		2B2FD6AA1A8B66B000104BD6 /* LoginViewController.swift */ = {isa = PBXFileReference; fileEncoding = 4; lastKnownFileType = sourcecode.swift; path = LoginViewController.swift; sourceTree = "<group>"; };
		2B2FD6AC1A903E3800104BD6 /* songfest_onstage_blur.png */ = {isa = PBXFileReference; lastKnownFileType = image.png; path = songfest_onstage_blur.png; sourceTree = "<group>"; };
		2B32F49D1A94BE7E001F69AB /* ScriptSelectViewController.swift */ = {isa = PBXFileReference; fileEncoding = 4; lastKnownFileType = sourcecode.swift; path = ScriptSelectViewController.swift; sourceTree = "<group>"; };
		2B3C3D291A9471EB00451C40 /* AVFoundation.framework */ = {isa = PBXFileReference; lastKnownFileType = wrapper.framework; name = AVFoundation.framework; path = System/Library/Frameworks/AVFoundation.framework; sourceTree = SDKROOT; };
		2B3C3D2B1A94721D00451C40 /* etaThetaTau.entitlements */ = {isa = PBXFileReference; lastKnownFileType = text.xml; path = etaThetaTau.entitlements; sourceTree = "<group>"; };
		2B40CC8B1A87FF3400E24931 /* PushNotificationController.swift */ = {isa = PBXFileReference; fileEncoding = 4; lastKnownFileType = sourcecode.swift; path = PushNotificationController.swift; sourceTree = "<group>"; };
		2B40CC8D1A88A34800E24931 /* switchViewObject.swift */ = {isa = PBXFileReference; fileEncoding = 4; lastKnownFileType = sourcecode.swift; path = switchViewObject.swift; sourceTree = "<group>"; };
		2B40CC8F1A88AA5E00E24931 /* default_hottie.jpg */ = {isa = PBXFileReference; lastKnownFileType = image.jpeg; path = default_hottie.jpg; sourceTree = "<group>"; };
		2B40CC911A88BA1900E24931 /* lyricsCell.swift */ = {isa = PBXFileReference; fileEncoding = 4; lastKnownFileType = sourcecode.swift; path = lyricsCell.swift; sourceTree = "<group>"; };
		2B442CEF1A86B07D0053D2CF /* tonightObject.swift */ = {isa = PBXFileReference; fileEncoding = 4; lastKnownFileType = sourcecode.swift; path = tonightObject.swift; sourceTree = "<group>"; };
		2B67D1FB1A92EC12005169BE /* Images-2.xcassets */ = {isa = PBXFileReference; lastKnownFileType = folder.assetcatalog; path = "Images-2.xcassets"; sourceTree = "<group>"; };
		2BAE6FB61A7F773500252F9E /* Parse.framework */ = {isa = PBXFileReference; lastKnownFileType = wrapper.framework; path = Parse.framework; sourceTree = "<group>"; };
		2BAE6FB81A7F777900252F9E /* Bolts.framework */ = {isa = PBXFileReference; lastKnownFileType = wrapper.framework; path = Bolts.framework; sourceTree = "<group>"; };
		2BAE6FB91A7F777900252F9E /* ParseUI.framework */ = {isa = PBXFileReference; lastKnownFileType = wrapper.framework; path = ParseUI.framework; sourceTree = "<group>"; };
		2BE7E0D31A79AFAE009E69D7 /* Eta Theta Tau.app */ = {isa = PBXFileReference; explicitFileType = wrapper.application; includeInIndex = 0; path = "Eta Theta Tau.app"; sourceTree = BUILT_PRODUCTS_DIR; };
		2BE7E0D71A79AFB1009E69D7 /* Info.plist */ = {isa = PBXFileReference; lastKnownFileType = text.plist.xml; path = Info.plist; sourceTree = "<group>"; };
		2BE7E0D81A79AFB1009E69D7 /* AppDelegate.swift */ = {isa = PBXFileReference; lastKnownFileType = sourcecode.swift; path = AppDelegate.swift; sourceTree = "<group>"; };
		2BE7E0DA1A79AFB1009E69D7 /* FirstViewController.swift */ = {isa = PBXFileReference; lastKnownFileType = sourcecode.swift; path = FirstViewController.swift; sourceTree = "<group>"; };
		2BE7E0DC1A79AFB1009E69D7 /* SecondViewController.swift */ = {isa = PBXFileReference; lastKnownFileType = sourcecode.swift; path = SecondViewController.swift; sourceTree = "<group>"; };
		2BE7E0DF1A79AFB1009E69D7 /* Base */ = {isa = PBXFileReference; lastKnownFileType = file.storyboard; name = Base; path = Base.lproj/Main.storyboard; sourceTree = "<group>"; };
		2BE7E0E11A79AFB1009E69D7 /* Images.xcassets */ = {isa = PBXFileReference; lastKnownFileType = folder.assetcatalog; path = Images.xcassets; sourceTree = "<group>"; };
		2BE7E0E41A79AFB1009E69D7 /* Base */ = {isa = PBXFileReference; lastKnownFileType = file.xib; name = Base; path = Base.lproj/LaunchScreen.xib; sourceTree = "<group>"; };
		2BE7E0EA1A79AFB1009E69D7 /* etaThetaTauTests.xctest */ = {isa = PBXFileReference; explicitFileType = wrapper.cfbundle; includeInIndex = 0; path = etaThetaTauTests.xctest; sourceTree = BUILT_PRODUCTS_DIR; };
		2BE7E0EF1A79AFB1009E69D7 /* Info.plist */ = {isa = PBXFileReference; lastKnownFileType = text.plist.xml; path = Info.plist; sourceTree = "<group>"; };
		2BE7E0F01A79AFB1009E69D7 /* etaThetaTauTests.swift */ = {isa = PBXFileReference; lastKnownFileType = sourcecode.swift; path = etaThetaTauTests.swift; sourceTree = "<group>"; };
		2BE7E0FB1A7B026B009E69D7 /* CFNetwork.framework */ = {isa = PBXFileReference; lastKnownFileType = wrapper.framework; name = CFNetwork.framework; path = System/Library/Frameworks/CFNetwork.framework; sourceTree = SDKROOT; };
		2BE7E0FC1A7B026B009E69D7 /* CoreGraphics.framework */ = {isa = PBXFileReference; lastKnownFileType = wrapper.framework; name = CoreGraphics.framework; path = System/Library/Frameworks/CoreGraphics.framework; sourceTree = SDKROOT; };
		2BE7E0FD1A7B026B009E69D7 /* CoreLocation.framework */ = {isa = PBXFileReference; lastKnownFileType = wrapper.framework; name = CoreLocation.framework; path = System/Library/Frameworks/CoreLocation.framework; sourceTree = SDKROOT; };
		2BE7E0FE1A7B026B009E69D7 /* libsqlite3.dylib */ = {isa = PBXFileReference; lastKnownFileType = "compiled.mach-o.dylib"; name = libsqlite3.dylib; path = usr/lib/libsqlite3.dylib; sourceTree = SDKROOT; };
		2BE7E0FF1A7B026B009E69D7 /* libz.dylib */ = {isa = PBXFileReference; lastKnownFileType = "compiled.mach-o.dylib"; name = libz.dylib; path = usr/lib/libz.dylib; sourceTree = SDKROOT; };
		2BE7E1001A7B026B009E69D7 /* MobileCoreServices.framework */ = {isa = PBXFileReference; lastKnownFileType = wrapper.framework; name = MobileCoreServices.framework; path = System/Library/Frameworks/MobileCoreServices.framework; sourceTree = SDKROOT; };
		2BE7E1011A7B026B009E69D7 /* QuartzCore.framework */ = {isa = PBXFileReference; lastKnownFileType = wrapper.framework; name = QuartzCore.framework; path = System/Library/Frameworks/QuartzCore.framework; sourceTree = SDKROOT; };
		2BE7E1021A7B026B009E69D7 /* Security.framework */ = {isa = PBXFileReference; lastKnownFileType = wrapper.framework; name = Security.framework; path = System/Library/Frameworks/Security.framework; sourceTree = SDKROOT; };
		2BE7E1031A7B026B009E69D7 /* StoreKit.framework */ = {isa = PBXFileReference; lastKnownFileType = wrapper.framework; name = StoreKit.framework; path = System/Library/Frameworks/StoreKit.framework; sourceTree = SDKROOT; };
		2BE7E1041A7B026B009E69D7 /* SystemConfiguration.framework */ = {isa = PBXFileReference; lastKnownFileType = wrapper.framework; name = SystemConfiguration.framework; path = System/Library/Frameworks/SystemConfiguration.framework; sourceTree = SDKROOT; };
		2BE7E1141A7B0486009E69D7 /* etaThetaTau-Bridging-Header.h */ = {isa = PBXFileReference; lastKnownFileType = sourcecode.c.h; path = "etaThetaTau-Bridging-Header.h"; sourceTree = "<group>"; };
		2BE7E1151A7B0487009E69D7 /* CustomClass.m */ = {isa = PBXFileReference; fileEncoding = 4; lastKnownFileType = sourcecode.c.objc; path = CustomClass.m; sourceTree = "<group>"; };
		2BE7E1171A7C5821009E69D7 /* hot_test.jpg */ = {isa = PBXFileReference; lastKnownFileType = image.jpeg; path = hot_test.jpg; sourceTree = "<group>"; };
		2BE7E1191A7C5894009E69D7 /* geek_insta.jpg */ = {isa = PBXFileReference; lastKnownFileType = image.jpeg; path = geek_insta.jpg; sourceTree = "<group>"; };
		2BE7E11B1A7CF4E2009E69D7 /* ChoreographyViewController.swift */ = {isa = PBXFileReference; fileEncoding = 4; lastKnownFileType = sourcecode.swift; path = ChoreographyViewController.swift; sourceTree = "<group>"; };
		2BE7E11F1A7DB438009E69D7 /* SongDetailViewController.swift */ = {isa = PBXFileReference; fileEncoding = 4; lastKnownFileType = sourcecode.swift; path = SongDetailViewController.swift; sourceTree = "<group>"; };
		2BE7E1211A7DBEDE009E69D7 /* SongObject.swift */ = {isa = PBXFileReference; fileEncoding = 4; lastKnownFileType = sourcecode.swift; path = SongObject.swift; sourceTree = "<group>"; };
		2BE7E1271A7E19F8009E69D7 /* SongCell.swift */ = {isa = PBXFileReference; fileEncoding = 4; lastKnownFileType = sourcecode.swift; path = SongCell.swift; sourceTree = "<group>"; };
		2BE7E1291A7E45A0009E69D7 /* SongsDetailViewController.swift */ = {isa = PBXFileReference; fileEncoding = 4; lastKnownFileType = sourcecode.swift; path = SongsDetailViewController.swift; sourceTree = "<group>"; };
		2BE7E12B1A7E45D7009E69D7 /* LyricsViewController.swift */ = {isa = PBXFileReference; fileEncoding = 4; lastKnownFileType = sourcecode.swift; path = LyricsViewController.swift; sourceTree = "<group>"; };
		2BE7E12D1A7F0A20009E69D7 /* SongVideoCell.swift */ = {isa = PBXFileReference; fileEncoding = 4; lastKnownFileType = sourcecode.swift; path = SongVideoCell.swift; sourceTree = "<group>"; };
		2BE7E12F1A7F1CE4009E69D7 /* VideosTableViewController.swift */ = {isa = PBXFileReference; fileEncoding = 4; lastKnownFileType = sourcecode.swift; path = VideosTableViewController.swift; sourceTree = "<group>"; };
/* End PBXFileReference section */

/* Begin PBXFrameworksBuildPhase section */
		2BE7E0D01A79AFAD009E69D7 /* Frameworks */ = {
			isa = PBXFrameworksBuildPhase;
			buildActionMask = 2147483647;
			files = (
				2B3C3D2A1A9471EB00451C40 /* AVFoundation.framework in Frameworks */,
				2BE7E1061A7B026B009E69D7 /* CFNetwork.framework in Frameworks */,
				2BAE6FBB1A7F777900252F9E /* ParseUI.framework in Frameworks */,
				2BE7E1071A7B026B009E69D7 /* CoreGraphics.framework in Frameworks */,
				2BE7E1081A7B026B009E69D7 /* CoreLocation.framework in Frameworks */,
				2BE7E1091A7B026B009E69D7 /* libsqlite3.dylib in Frameworks */,
				2BE7E10A1A7B026B009E69D7 /* libz.dylib in Frameworks */,
				2BE7E10B1A7B026B009E69D7 /* MobileCoreServices.framework in Frameworks */,
				2BAE6FBA1A7F777900252F9E /* Bolts.framework in Frameworks */,
				2BE7E10C1A7B026B009E69D7 /* QuartzCore.framework in Frameworks */,
				2BAE6FB71A7F773500252F9E /* Parse.framework in Frameworks */,
				2BE7E10D1A7B026B009E69D7 /* Security.framework in Frameworks */,
				2BE7E10E1A7B026B009E69D7 /* StoreKit.framework in Frameworks */,
				2BE7E10F1A7B026B009E69D7 /* SystemConfiguration.framework in Frameworks */,
			);
			runOnlyForDeploymentPostprocessing = 0;
		};
		2BE7E0E71A79AFB1009E69D7 /* Frameworks */ = {
			isa = PBXFrameworksBuildPhase;
			buildActionMask = 2147483647;
			files = (
			);
			runOnlyForDeploymentPostprocessing = 0;
		};
/* End PBXFrameworksBuildPhase section */

/* Begin PBXGroup section */
		2BE7E0CA1A79AFAA009E69D7 = {
			isa = PBXGroup;
			children = (
				2B3C3D291A9471EB00451C40 /* AVFoundation.framework */,
				2BAE6FB81A7F777900252F9E /* Bolts.framework */,
				2BAE6FB91A7F777900252F9E /* ParseUI.framework */,
				2BAE6FB61A7F773500252F9E /* Parse.framework */,
				2BE7E0D51A79AFAE009E69D7 /* etaThetaTau */,
				2BE7E0ED1A79AFB1009E69D7 /* etaThetaTauTests */,
				2BE7E0D41A79AFAE009E69D7 /* Products */,
				2BE7E0FB1A7B026B009E69D7 /* CFNetwork.framework */,
				2BE7E0FC1A7B026B009E69D7 /* CoreGraphics.framework */,
				2BE7E0FD1A7B026B009E69D7 /* CoreLocation.framework */,
				2BE7E0FE1A7B026B009E69D7 /* libsqlite3.dylib */,
				2BE7E0FF1A7B026B009E69D7 /* libz.dylib */,
				2BE7E1001A7B026B009E69D7 /* MobileCoreServices.framework */,
				2BE7E1011A7B026B009E69D7 /* QuartzCore.framework */,
				2BE7E1021A7B026B009E69D7 /* Security.framework */,
				2BE7E1031A7B026B009E69D7 /* StoreKit.framework */,
				2BE7E1041A7B026B009E69D7 /* SystemConfiguration.framework */,
			);
			sourceTree = "<group>";
		};
		2BE7E0D41A79AFAE009E69D7 /* Products */ = {
			isa = PBXGroup;
			children = (
				2BE7E0D31A79AFAE009E69D7 /* Eta Theta Tau.app */,
				2BE7E0EA1A79AFB1009E69D7 /* etaThetaTauTests.xctest */,
			);
			name = Products;
			sourceTree = "<group>";
		};
		2BE7E0D51A79AFAE009E69D7 /* etaThetaTau */ = {
			isa = PBXGroup;
			children = (
				2B3C3D2B1A94721D00451C40 /* etaThetaTau.entitlements */,
				2BE7E0D81A79AFB1009E69D7 /* AppDelegate.swift */,
				2BE7E0DA1A79AFB1009E69D7 /* FirstViewController.swift */,
				2B40CC8D1A88A34800E24931 /* switchViewObject.swift */,
				2BE7E0DC1A79AFB1009E69D7 /* SecondViewController.swift */,
				2B32F49D1A94BE7E001F69AB /* ScriptSelectViewController.swift */,
				2BE7E11B1A7CF4E2009E69D7 /* ChoreographyViewController.swift */,
				2BE7E12F1A7F1CE4009E69D7 /* VideosTableViewController.swift */,
				2BE7E0DE1A79AFB1009E69D7 /* Main.storyboard */,
				2BE7E0E11A79AFB1009E69D7 /* Images.xcassets */,
				2BE7E0E31A79AFB1009E69D7 /* LaunchScreen.xib */,
				2BE7E0D61A79AFAF009E69D7 /* Supporting Files */,
				2BE7E1151A7B0487009E69D7 /* CustomClass.m */,
				2BE7E1141A7B0486009E69D7 /* etaThetaTau-Bridging-Header.h */,
				2BE7E1211A7DBEDE009E69D7 /* SongObject.swift */,
				2BE7E1271A7E19F8009E69D7 /* SongCell.swift */,
				2BE7E1291A7E45A0009E69D7 /* SongsDetailViewController.swift */,
				2BE7E12B1A7E45D7009E69D7 /* LyricsViewController.swift */,
				2BE7E12D1A7F0A20009E69D7 /* SongVideoCell.swift */,
				2BE7E11F1A7DB438009E69D7 /* SongDetailViewController.swift */,
				2B442CEF1A86B07D0053D2CF /* tonightObject.swift */,
				2B40CC8B1A87FF3400E24931 /* PushNotificationController.swift */,
				2B40CC911A88BA1900E24931 /* lyricsCell.swift */,
				2B2FD6AA1A8B66B000104BD6 /* LoginViewController.swift */,
				2B67D1FB1A92EC12005169BE /* Images-2.xcassets */,
			);
			path = etaThetaTau;
			sourceTree = "<group>";
		};
		2BE7E0D61A79AFAF009E69D7 /* Supporting Files */ = {
			isa = PBXGroup;
			children = (
				2BE7E1191A7C5894009E69D7 /* geek_insta.jpg */,
				2B2FD6AC1A903E3800104BD6 /* songfest_onstage_blur.png */,
				2B40CC8F1A88AA5E00E24931 /* default_hottie.jpg */,
				2BE7E1171A7C5821009E69D7 /* hot_test.jpg */,
				2BE7E0D71A79AFB1009E69D7 /* Info.plist */,
			);
			name = "Supporting Files";
			sourceTree = "<group>";
		};
		2BE7E0ED1A79AFB1009E69D7 /* etaThetaTauTests */ = {
			isa = PBXGroup;
			children = (
				2BE7E0F01A79AFB1009E69D7 /* etaThetaTauTests.swift */,
				2BE7E0EE1A79AFB1009E69D7 /* Supporting Files */,
			);
			path = etaThetaTauTests;
			sourceTree = "<group>";
		};
		2BE7E0EE1A79AFB1009E69D7 /* Supporting Files */ = {
			isa = PBXGroup;
			children = (
				2BE7E0EF1A79AFB1009E69D7 /* Info.plist */,
			);
			name = "Supporting Files";
			sourceTree = "<group>";
		};
/* End PBXGroup section */

/* Begin PBXNativeTarget section */
		2BE7E0D21A79AFAD009E69D7 /* Eta Theta Tau */ = {
			isa = PBXNativeTarget;
			buildConfigurationList = 2BE7E0F41A79AFB1009E69D7 /* Build configuration list for PBXNativeTarget "Eta Theta Tau" */;
			buildPhases = (
				2BE7E0CF1A79AFAD009E69D7 /* Sources */,
				2BE7E0D01A79AFAD009E69D7 /* Frameworks */,
				2BE7E0D11A79AFAD009E69D7 /* Resources */,
				2B16B4471A974C49009D5CAD /* ShellScript */,
			);
			buildRules = (
			);
			dependencies = (
			);
			name = "Eta Theta Tau";
			productName = etaThetaTau;
			productReference = 2BE7E0D31A79AFAE009E69D7 /* Eta Theta Tau.app */;
			productType = "com.apple.product-type.application";
		};
		2BE7E0E91A79AFB1009E69D7 /* etaThetaTauTests */ = {
			isa = PBXNativeTarget;
			buildConfigurationList = 2BE7E0F71A79AFB1009E69D7 /* Build configuration list for PBXNativeTarget "etaThetaTauTests" */;
			buildPhases = (
				2BE7E0E61A79AFB1009E69D7 /* Sources */,
				2BE7E0E71A79AFB1009E69D7 /* Frameworks */,
				2BE7E0E81A79AFB1009E69D7 /* Resources */,
			);
			buildRules = (
			);
			dependencies = (
				2BE7E0EC1A79AFB1009E69D7 /* PBXTargetDependency */,
			);
			name = etaThetaTauTests;
			productName = etaThetaTauTests;
			productReference = 2BE7E0EA1A79AFB1009E69D7 /* etaThetaTauTests.xctest */;
			productType = "com.apple.product-type.bundle.unit-test";
		};
/* End PBXNativeTarget section */

/* Begin PBXProject section */
		2BE7E0CB1A79AFAB009E69D7 /* Project object */ = {
			isa = PBXProject;
			attributes = {
				LastUpgradeCheck = 0610;
				ORGANIZATIONNAME = "RJ Aylward";
				TargetAttributes = {
					2BE7E0D21A79AFAD009E69D7 = {
						CreatedOnToolsVersion = 6.1.1;
						DevelopmentTeam = 3GW32B4ACL;
						SystemCapabilities = {
							com.apple.BackgroundModes = {
								enabled = 1;
							};
							com.apple.InterAppAudio = {
								enabled = 0;
							};
						};
					};
					2BE7E0E91A79AFB1009E69D7 = {
						CreatedOnToolsVersion = 6.1.1;
						TestTargetID = 2BE7E0D21A79AFAD009E69D7;
					};
				};
			};
			buildConfigurationList = 2BE7E0CE1A79AFAB009E69D7 /* Build configuration list for PBXProject "etaThetaTau" */;
			compatibilityVersion = "Xcode 3.2";
			developmentRegion = English;
			hasScannedForEncodings = 0;
			knownRegions = (
				en,
				Base,
			);
			mainGroup = 2BE7E0CA1A79AFAA009E69D7;
			productRefGroup = 2BE7E0D41A79AFAE009E69D7 /* Products */;
			projectDirPath = "";
			projectRoot = "";
			targets = (
				2BE7E0D21A79AFAD009E69D7 /* Eta Theta Tau */,
				2BE7E0E91A79AFB1009E69D7 /* etaThetaTauTests */,
			);
		};
/* End PBXProject section */

/* Begin PBXResourcesBuildPhase section */
		2BE7E0D11A79AFAD009E69D7 /* Resources */ = {
			isa = PBXResourcesBuildPhase;
			buildActionMask = 2147483647;
			files = (
				2BE7E0E01A79AFB1009E69D7 /* Main.storyboard in Resources */,
				2B2FD6AD1A903E3900104BD6 /* songfest_onstage_blur.png in Resources */,
				2B67D1FC1A92EC12005169BE /* Images-2.xcassets in Resources */,
				2BE7E1181A7C5821009E69D7 /* hot_test.jpg in Resources */,
				2B40CC901A88AA5E00E24931 /* default_hottie.jpg in Resources */,
				2BE7E11A1A7C5894009E69D7 /* geek_insta.jpg in Resources */,
				2BE7E0E51A79AFB1009E69D7 /* LaunchScreen.xib in Resources */,
				2BE7E0E21A79AFB1009E69D7 /* Images.xcassets in Resources */,
			);
			runOnlyForDeploymentPostprocessing = 0;
		};
		2BE7E0E81A79AFB1009E69D7 /* Resources */ = {
			isa = PBXResourcesBuildPhase;
			buildActionMask = 2147483647;
			files = (
			);
			runOnlyForDeploymentPostprocessing = 0;
		};
/* End PBXResourcesBuildPhase section */

/* Begin PBXShellScriptBuildPhase section */
		2B16B4471A974C49009D5CAD /* ShellScript */ = {
			isa = PBXShellScriptBuildPhase;
			buildActionMask = 2147483647;
			files = (
			);
			inputPaths = (
			);
			outputPaths = (
			);
			runOnlyForDeploymentPostprocessing = 0;
			shellPath = /bin/sh;
			shellScript = "export PATH=/usr/local/bin:$PATH\ncd /Users/rjaylward/Google\\ Drive/Xcode/eta\\ theta\\ tau/parse\n\nparse symbols \"${DWARF_DSYM_FOLDER_PATH}/${DWARF_DSYM_FILE_NAME}\"";
		};
/* End PBXShellScriptBuildPhase section */

/* Begin PBXSourcesBuildPhase section */
		2BE7E0CF1A79AFAD009E69D7 /* Sources */ = {
			isa = PBXSourcesBuildPhase;
			buildActionMask = 2147483647;
			files = (
				2B2FD6AB1A8B66B200104BD6 /* LoginViewController.swift in Sources */,
				2BE7E1281A7E19F9009E69D7 /* SongCell.swift in Sources */,
				2BE7E1201A7DB438009E69D7 /* SongDetailViewController.swift in Sources */,
				2BE7E11C1A7CF4E2009E69D7 /* ChoreographyViewController.swift in Sources */,
				2BE7E1301A7F1CE4009E69D7 /* VideosTableViewController.swift in Sources */,
				2B40CC8C1A87FF3400E24931 /* PushNotificationController.swift in Sources */,
				2B40CC921A88BA1A00E24931 /* lyricsCell.swift in Sources */,
				2B40CC8E1A88A34A00E24931 /* switchViewObject.swift in Sources */,
				2B32F49E1A94BE7E001F69AB /* ScriptSelectViewController.swift in Sources */,
				2BE7E0DD1A79AFB1009E69D7 /* SecondViewController.swift in Sources */,
				2BE7E1161A7B0487009E69D7 /* CustomClass.m in Sources */,
				2B442CF01A86B07D0053D2CF /* tonightObject.swift in Sources */,
				2BE7E0D91A79AFB1009E69D7 /* AppDelegate.swift in Sources */,
				2BE7E12E1A7F0A20009E69D7 /* SongVideoCell.swift in Sources */,
				2BE7E12C1A7E45D7009E69D7 /* LyricsViewController.swift in Sources */,
				2BE7E12A1A7E45A0009E69D7 /* SongsDetailViewController.swift in Sources */,
				2BE7E0DB1A79AFB1009E69D7 /* FirstViewController.swift in Sources */,
				2BE7E1221A7DBEDE009E69D7 /* SongObject.swift in Sources */,
			);
			runOnlyForDeploymentPostprocessing = 0;
		};
		2BE7E0E61A79AFB1009E69D7 /* Sources */ = {
			isa = PBXSourcesBuildPhase;
			buildActionMask = 2147483647;
			files = (
				2BE7E0F11A79AFB1009E69D7 /* etaThetaTauTests.swift in Sources */,
			);
			runOnlyForDeploymentPostprocessing = 0;
		};
/* End PBXSourcesBuildPhase section */

/* Begin PBXTargetDependency section */
		2BE7E0EC1A79AFB1009E69D7 /* PBXTargetDependency */ = {
			isa = PBXTargetDependency;
			target = 2BE7E0D21A79AFAD009E69D7 /* Eta Theta Tau */;
			targetProxy = 2BE7E0EB1A79AFB1009E69D7 /* PBXContainerItemProxy */;
		};
/* End PBXTargetDependency section */

/* Begin PBXVariantGroup section */
		2BE7E0DE1A79AFB1009E69D7 /* Main.storyboard */ = {
			isa = PBXVariantGroup;
			children = (
				2BE7E0DF1A79AFB1009E69D7 /* Base */,
			);
			name = Main.storyboard;
			sourceTree = "<group>";
		};
		2BE7E0E31A79AFB1009E69D7 /* LaunchScreen.xib */ = {
			isa = PBXVariantGroup;
			children = (
				2BE7E0E41A79AFB1009E69D7 /* Base */,
			);
			name = LaunchScreen.xib;
			sourceTree = "<group>";
		};
/* End PBXVariantGroup section */

/* Begin XCBuildConfiguration section */
		2BE7E0F21A79AFB1009E69D7 /* Debug */ = {
			isa = XCBuildConfiguration;
			buildSettings = {
				ALWAYS_SEARCH_USER_PATHS = NO;
				CLANG_CXX_LANGUAGE_STANDARD = "gnu++0x";
				CLANG_CXX_LIBRARY = "libc++";
				CLANG_ENABLE_MODULES = YES;
				CLANG_ENABLE_OBJC_ARC = YES;
				CLANG_WARN_BOOL_CONVERSION = YES;
				CLANG_WARN_CONSTANT_CONVERSION = YES;
				CLANG_WARN_DIRECT_OBJC_ISA_USAGE = YES_ERROR;
				CLANG_WARN_EMPTY_BODY = YES;
				CLANG_WARN_ENUM_CONVERSION = YES;
				CLANG_WARN_INT_CONVERSION = YES;
				CLANG_WARN_OBJC_ROOT_CLASS = YES_ERROR;
				CLANG_WARN_UNREACHABLE_CODE = YES;
				CLANG_WARN__DUPLICATE_METHOD_MATCH = YES;
				"CODE_SIGN_IDENTITY[sdk=iphoneos*]" = "iPhone Developer";
				COPY_PHASE_STRIP = NO;
				ENABLE_STRICT_OBJC_MSGSEND = YES;
				GCC_C_LANGUAGE_STANDARD = gnu99;
				GCC_DYNAMIC_NO_PIC = NO;
				GCC_OPTIMIZATION_LEVEL = 0;
				GCC_PREPROCESSOR_DEFINITIONS = (
					"DEBUG=1",
					"$(inherited)",
				);
				GCC_SYMBOLS_PRIVATE_EXTERN = NO;
				GCC_WARN_64_TO_32_BIT_CONVERSION = YES;
				GCC_WARN_ABOUT_RETURN_TYPE = YES_ERROR;
				GCC_WARN_UNDECLARED_SELECTOR = YES;
				GCC_WARN_UNINITIALIZED_AUTOS = YES_AGGRESSIVE;
				GCC_WARN_UNUSED_FUNCTION = YES;
				GCC_WARN_UNUSED_VARIABLE = YES;
				IPHONEOS_DEPLOYMENT_TARGET = 8.0;
				MTL_ENABLE_DEBUG_INFO = YES;
				ONLY_ACTIVE_ARCH = YES;
				SDKROOT = iphoneos;
				SWIFT_OPTIMIZATION_LEVEL = "-Onone";
			};
			name = Debug;
		};
		2BE7E0F31A79AFB1009E69D7 /* Release */ = {
			isa = XCBuildConfiguration;
			buildSettings = {
				ALWAYS_SEARCH_USER_PATHS = NO;
				CLANG_CXX_LANGUAGE_STANDARD = "gnu++0x";
				CLANG_CXX_LIBRARY = "libc++";
				CLANG_ENABLE_MODULES = YES;
				CLANG_ENABLE_OBJC_ARC = YES;
				CLANG_WARN_BOOL_CONVERSION = YES;
				CLANG_WARN_CONSTANT_CONVERSION = YES;
				CLANG_WARN_DIRECT_OBJC_ISA_USAGE = YES_ERROR;
				CLANG_WARN_EMPTY_BODY = YES;
				CLANG_WARN_ENUM_CONVERSION = YES;
				CLANG_WARN_INT_CONVERSION = YES;
				CLANG_WARN_OBJC_ROOT_CLASS = YES_ERROR;
				CLANG_WARN_UNREACHABLE_CODE = YES;
				CLANG_WARN__DUPLICATE_METHOD_MATCH = YES;
				"CODE_SIGN_IDENTITY[sdk=iphoneos*]" = "iPhone Developer";
				COPY_PHASE_STRIP = YES;
				ENABLE_NS_ASSERTIONS = NO;
				ENABLE_STRICT_OBJC_MSGSEND = YES;
				GCC_C_LANGUAGE_STANDARD = gnu99;
				GCC_WARN_64_TO_32_BIT_CONVERSION = YES;
				GCC_WARN_ABOUT_RETURN_TYPE = YES_ERROR;
				GCC_WARN_UNDECLARED_SELECTOR = YES;
				GCC_WARN_UNINITIALIZED_AUTOS = YES_AGGRESSIVE;
				GCC_WARN_UNUSED_FUNCTION = YES;
				GCC_WARN_UNUSED_VARIABLE = YES;
				IPHONEOS_DEPLOYMENT_TARGET = 8.0;
				MTL_ENABLE_DEBUG_INFO = NO;
				SDKROOT = iphoneos;
				VALIDATE_PRODUCT = YES;
			};
			name = Release;
		};
		2BE7E0F51A79AFB1009E69D7 /* Debug */ = {
			isa = XCBuildConfiguration;
			buildSettings = {
				ASSETCATALOG_COMPILER_APPICON_NAME = AppIcon;
				ASSETCATALOG_COMPILER_LAUNCHIMAGE_NAME = LaunchImage;
				CLANG_ENABLE_MODULES = YES;
				CODE_SIGN_IDENTITY = "iPhone Developer";
				"CODE_SIGN_IDENTITY[sdk=iphoneos*]" = "iPhone Developer";
				FRAMEWORK_SEARCH_PATHS = (
					"$(inherited)",
					/Users/rjaylward/Google,
					Drive/Xcode/eta,
					theta,
					"tau/parse-library-1.6.2",
					/Users/rjaylward/Google,
					Drive/Xcode/eta,
					theta,
					"tau/parse-library-1.6.2",
					"$(PROJECT_DIR)",
					/Users/rjaylward/Google,
					Drive/Xcode/eta,
					theta,
					"tau/parse-library-1.6.2",
				);
				INFOPLIST_FILE = etaThetaTau/Info.plist;
				IPHONEOS_DEPLOYMENT_TARGET = 8.0;
				LD_RUNPATH_SEARCH_PATHS = "$(inherited) @executable_path/Frameworks";
				PRODUCT_NAME = "$(TARGET_NAME)";
				PROVISIONING_PROFILE = "47f58b42-919b-484b-a7ba-063ec832e021";
				SWIFT_OBJC_BRIDGING_HEADER = "etaThetaTau/etaThetaTau-Bridging-Header.h";
				SWIFT_OPTIMIZATION_LEVEL = "-Onone";
			};
			name = Debug;
		};
		2BE7E0F61A79AFB1009E69D7 /* Release */ = {
			isa = XCBuildConfiguration;
			buildSettings = {
				ASSETCATALOG_COMPILER_APPICON_NAME = AppIcon;
				ASSETCATALOG_COMPILER_LAUNCHIMAGE_NAME = LaunchImage;
				CLANG_ENABLE_MODULES = YES;
				CODE_SIGN_IDENTITY = "iPhone Developer";
				"CODE_SIGN_IDENTITY[sdk=iphoneos*]" = "iPhone Developer";
				FRAMEWORK_SEARCH_PATHS = (
					"$(inherited)",
					/Users/rjaylward/Google,
					Drive/Xcode/eta,
					theta,
					"tau/parse-library-1.6.2",
					/Users/rjaylward/Google,
					Drive/Xcode/eta,
					theta,
					"tau/parse-library-1.6.2",
					"$(PROJECT_DIR)",
					/Users/rjaylward/Google,
					Drive/Xcode/eta,
					theta,
					"tau/parse-library-1.6.2",
				);
				INFOPLIST_FILE = etaThetaTau/Info.plist;
				IPHONEOS_DEPLOYMENT_TARGET = 8.0;
				LD_RUNPATH_SEARCH_PATHS = "$(inherited) @executable_path/Frameworks";
				PRODUCT_NAME = "$(TARGET_NAME)";
				PROVISIONING_PROFILE = "8d7d5ab3-6f0f-4f3d-852d-915717deccdb";
				SWIFT_OBJC_BRIDGING_HEADER = "etaThetaTau/etaThetaTau-Bridging-Header.h";
			};
			name = Release;
		};
		2BE7E0F81A79AFB1009E69D7 /* Debug */ = {
			isa = XCBuildConfiguration;
			buildSettings = {
				BUNDLE_LOADER = "$(TEST_HOST)";
				FRAMEWORK_SEARCH_PATHS = (
					"$(SDKROOT)/Developer/Library/Frameworks",
					"$(inherited)",
				);
				GCC_PREPROCESSOR_DEFINITIONS = (
					"DEBUG=1",
					"$(inherited)",
				);
				INFOPLIST_FILE = etaThetaTauTests/Info.plist;
				LD_RUNPATH_SEARCH_PATHS = "$(inherited) @executable_path/Frameworks @loader_path/Frameworks";
				PRODUCT_NAME = "$(TARGET_NAME)";
				TEST_HOST = "$(BUILT_PRODUCTS_DIR)/etaThetaTau.app/etaThetaTau";
			};
			name = Debug;
		};
		2BE7E0F91A79AFB1009E69D7 /* Release */ = {
			isa = XCBuildConfiguration;
			buildSettings = {
				BUNDLE_LOADER = "$(TEST_HOST)";
				FRAMEWORK_SEARCH_PATHS = (
					"$(SDKROOT)/Developer/Library/Frameworks",
					"$(inherited)",
				);
				INFOPLIST_FILE = etaThetaTauTests/Info.plist;
				LD_RUNPATH_SEARCH_PATHS = "$(inherited) @executable_path/Frameworks @loader_path/Frameworks";
				PRODUCT_NAME = "$(TARGET_NAME)";
				TEST_HOST = "$(BUILT_PRODUCTS_DIR)/etaThetaTau.app/etaThetaTau";
			};
			name = Release;
		};
/* End XCBuildConfiguration section */

/* Begin XCConfigurationList section */
		2BE7E0CE1A79AFAB009E69D7 /* Build configuration list for PBXProject "etaThetaTau" */ = {
			isa = XCConfigurationList;
			buildConfigurations = (
				2BE7E0F21A79AFB1009E69D7 /* Debug */,
				2BE7E0F31A79AFB1009E69D7 /* Release */,
			);
			defaultConfigurationIsVisible = 0;
			defaultConfigurationName = Release;
		};
		2BE7E0F41A79AFB1009E69D7 /* Build configuration list for PBXNativeTarget "Eta Theta Tau" */ = {
			isa = XCConfigurationList;
			buildConfigurations = (
				2BE7E0F51A79AFB1009E69D7 /* Debug */,
				2BE7E0F61A79AFB1009E69D7 /* Release */,
			);
			defaultConfigurationIsVisible = 0;
			defaultConfigurationName = Release;
		};
		2BE7E0F71A79AFB1009E69D7 /* Build configuration list for PBXNativeTarget "etaThetaTauTests" */ = {
			isa = XCConfigurationList;
			buildConfigurations = (
				2BE7E0F81A79AFB1009E69D7 /* Debug */,
				2BE7E0F91A79AFB1009E69D7 /* Release */,
			);
			defaultConfigurationIsVisible = 0;
			defaultConfigurationName = Release;
		};
/* End XCConfigurationList section */
	};
	rootObject = 2BE7E0CB1A79AFAB009E69D7 /* Project object */;
}
